
Microsoft Visual Studio Solution File, Format Version 12.00
# Visual Studio Version 16
VisualStudioVersion = 16.0.29001.49
MinimumVisualStudioVersion = 10.0.40219.1
Project("{FAE04EC0-301F-11D3-BF4B-00C04F79EFBC}") = "sb2cssa", "sb2cssa\sb2cssa.csproj", "{40B0BC31-FEB3-4847-951E-2243B3921D59}"
EndProject
Project("{FAE04EC0-301F-11D3-BF4B-00C04F79EFBC}") = "Test", "Test\Test.csproj", "{E7B594BA-CC43-4CC0-B9D0-124A27F86AEA}"
EndProject
Project("{FAE04EC0-301F-11D3-BF4B-00C04F79EFBC}") = "sb2cssa.UnitTest", "sb2cssa.UnitTest\sb2cssa.UnitTest.csproj", "{871158A4-5AE6-48F2-B5B3-7301D0527660}"
EndProject
Global
	GlobalSection(SolutionConfigurationPlatforms) = preSolution
		Debug|Any CPU = Debug|Any CPU
		Debug|x86 = Debug|x86
		Release|Any CPU = Release|Any CPU
		Release|x86 = Release|x86
	EndGlobalSection
	GlobalSection(ProjectConfigurationPlatforms) = postSolution
		{40B0BC31-FEB3-4847-951E-2243B3921D59}.Debug|Any CPU.ActiveCfg = Debug|Any CPU
		{40B0BC31-FEB3-4847-951E-2243B3921D59}.Debug|Any CPU.Build.0 = Debug|Any CPU
		{40B0BC31-FEB3-4847-951E-2243B3921D59}.Debug|x86.ActiveCfg = Debug|Any CPU
		{40B0BC31-FEB3-4847-951E-2243B3921D59}.Debug|x86.Build.0 = Debug|Any CPU
		{40B0BC31-FEB3-4847-951E-2243B3921D59}.Release|Any CPU.ActiveCfg = Release|Any CPU
		{40B0BC31-FEB3-4847-951E-2243B3921D59}.Release|Any CPU.Build.0 = Release|Any CPU
		{40B0BC31-FEB3-4847-951E-2243B3921D59}.Release|x86.ActiveCfg = Release|Any CPU
		{40B0BC31-FEB3-4847-951E-2243B3921D59}.Release|x86.Build.0 = Release|Any CPU
		{E7B594BA-CC43-4CC0-B9D0-124A27F86AEA}.Debug|Any CPU.ActiveCfg = Debug|Any CPU
		{E7B594BA-CC43-4CC0-B9D0-124A27F86AEA}.Debug|Any CPU.Build.0 = Debug|Any CPU
		{E7B594BA-CC43-4CC0-B9D0-124A27F86AEA}.Debug|x86.ActiveCfg = Debug|Any CPU
		{E7B594BA-CC43-4CC0-B9D0-124A27F86AEA}.Debug|x86.Build.0 = Debug|Any CPU
		{E7B594BA-CC43-4CC0-B9D0-124A27F86AEA}.Release|Any CPU.ActiveCfg = Release|Any CPU
		{E7B594BA-CC43-4CC0-B9D0-124A27F86AEA}.Release|Any CPU.Build.0 = Release|Any CPU
		{E7B594BA-CC43-4CC0-B9D0-124A27F86AEA}.Release|x86.ActiveCfg = Release|Any CPU
		{E7B594BA-CC43-4CC0-B9D0-124A27F86AEA}.Release|x86.Build.0 = Release|Any CPU
		{871158A4-5AE6-48F2-B5B3-7301D0527660}.Debug|Any CPU.ActiveCfg = Debug|Any CPU
		{871158A4-5AE6-48F2-B5B3-7301D0527660}.Debug|Any CPU.Build.0 = Debug|Any CPU
		{871158A4-5AE6-48F2-B5B3-7301D0527660}.Debug|x86.ActiveCfg = Debug|Any CPU
		{871158A4-5AE6-48F2-B5B3-7301D0527660}.Debug|x86.Build.0 = Debug|Any CPU
		{871158A4-5AE6-48F2-B5B3-7301D0527660}.Release|Any CPU.ActiveCfg = Release|Any CPU
		{871158A4-5AE6-48F2-B5B3-7301D0527660}.Release|Any CPU.Build.0 = Release|Any CPU
		{871158A4-5AE6-48F2-B5B3-7301D0527660}.Release|x86.ActiveCfg = Release|Any CPU
		{871158A4-5AE6-48F2-B5B3-7301D0527660}.Release|x86.Build.0 = Release|Any CPU
	EndGlobalSection
	GlobalSection(SolutionProperties) = preSolution
		HideSolutionNode = FALSE
	EndGlobalSection
	GlobalSection(ExtensibilityGlobals) = postSolution
		SolutionGuid = {C84491C2-D137-4176-9ECE-898B87D7886A}
	EndGlobalSection
EndGlobal
